
Microsoft Visual Studio Solution File, Format Version 11.00
# Visual Studio 2010
Project("{FAE04EC0-301F-11D3-BF4B-00C04F79EFBC}") = "IdpGie", "IdpGie.csproj", "{CA468AA1-80E0-4BEF-A582-3E0CA721F4E9}"
EndProject
Project("{FAE04EC0-301F-11D3-BF4B-00C04F79EFBC}") = "IdpGieTest", "IdpGieTest\IdpGieTest.csproj", "{68C46329-195C-4FD8-B810-F5D862F12251}"
EndProject
Project("{FAE04EC0-301F-11D3-BF4B-00C04F79EFBC}") = "GPLEXv1", "gplex\GPLEXv1.csproj", "{440C9EA8-409C-4B1D-88B7-A2B5FFF87700}"
EndProject
Project("{FAE04EC0-301F-11D3-BF4B-00C04F79EFBC}") = "GPPG", "gppg\GPPG.csproj", "{AF1F8BCF-34FC-4A5E-9D45-BCC6031720BC}"
EndProject
Global
	GlobalSection(SolutionConfigurationPlatforms) = preSolution
		Debug|x86 = Debug|x86
		Release|x86 = Release|x86
	EndGlobalSection
	GlobalSection(ProjectConfigurationPlatforms) = postSolution
		{440C9EA8-409C-4B1D-88B7-A2B5FFF87700}.Debug|x86.ActiveCfg = Debug|Any CPU
		{440C9EA8-409C-4B1D-88B7-A2B5FFF87700}.Debug|x86.Build.0 = Debug|Any CPU
		{440C9EA8-409C-4B1D-88B7-A2B5FFF87700}.Release|x86.ActiveCfg = Release|Any CPU
		{440C9EA8-409C-4B1D-88B7-A2B5FFF87700}.Release|x86.Build.0 = Release|Any CPU
		{68C46329-195C-4FD8-B810-F5D862F12251}.Debug|x86.ActiveCfg = Debug|Any CPU
		{68C46329-195C-4FD8-B810-F5D862F12251}.Debug|x86.Build.0 = Debug|Any CPU
		{68C46329-195C-4FD8-B810-F5D862F12251}.Release|x86.ActiveCfg = Release|Any CPU
		{68C46329-195C-4FD8-B810-F5D862F12251}.Release|x86.Build.0 = Release|Any CPU
		{AF1F8BCF-34FC-4A5E-9D45-BCC6031720BC}.Debug|x86.ActiveCfg = Debug|Any CPU
		{AF1F8BCF-34FC-4A5E-9D45-BCC6031720BC}.Debug|x86.Build.0 = Debug|Any CPU
		{AF1F8BCF-34FC-4A5E-9D45-BCC6031720BC}.Release|x86.ActiveCfg = Release|Any CPU
		{AF1F8BCF-34FC-4A5E-9D45-BCC6031720BC}.Release|x86.Build.0 = Release|Any CPU
		{CA468AA1-80E0-4BEF-A582-3E0CA721F4E9}.Debug|x86.ActiveCfg = Debug|x86
		{CA468AA1-80E0-4BEF-A582-3E0CA721F4E9}.Debug|x86.Build.0 = Debug|x86
		{CA468AA1-80E0-4BEF-A582-3E0CA721F4E9}.Release|x86.ActiveCfg = Release|x86
		{CA468AA1-80E0-4BEF-A582-3E0CA721F4E9}.Release|x86.Build.0 = Release|x86
	EndGlobalSection
	GlobalSection(MonoDevelopProperties) = preSolution
		StartupItem = IdpGie.csproj
	EndGlobalSection
EndGlobal
